
Microsoft Visual Studio Solution File, Format Version 12.00
# Visual Studio Version 17
VisualStudioVersion = 17.3.32825.248
MinimumVisualStudioVersion = 10.0.40219.1
Project("{2150E333-8FDC-42A3-9474-1A3956D46DE8}") = "Gateway", "Gateway", "{E5E822A7-0AFA-4C11-8F25-1D03CC0E989E}"
EndProject
Project("{2150E333-8FDC-42A3-9474-1A3956D46DE8}") = "Microservices", "Microservices", "{3E2E8D35-0AD8-48F8-9F72-DFBD0ECBAB31}"
EndProject
Project("{2150E333-8FDC-42A3-9474-1A3956D46DE8}") = "Orders", "Orders", "{4B397365-13C8-4652-9FCE-AB2795E94CB9}"
EndProject
Project("{2150E333-8FDC-42A3-9474-1A3956D46DE8}") = "UserManagements", "UserManagements", "{52FDA213-83FE-467C-B7A2-18180BB09D7B}"
EndProject
Project("{2150E333-8FDC-42A3-9474-1A3956D46DE8}") = "RestApis", "RestApis", "{8DF7FD08-7EC5-49D5-999B-0E4D44CA6412}"
EndProject
Project("{9A19103F-16F7-4668-BE54-9A1E7A4F7556}") = "HostService", "src\microservices\hosts\HostService\HostService.csproj", "{B9ACA815-40A0-413B-BF55-1D57214C0011}"
EndProject
Project("{2150E333-8FDC-42A3-9474-1A3956D46DE8}") = "Frameworks", "Frameworks", "{4573840C-92BB-45CF-9908-2575D2BDDE73}"
EndProject
Project("{9A19103F-16F7-4668-BE54-9A1E7A4F7556}") = "Jwt", "src\frameworks\Jwt\Jwt.csproj", "{89FCBE00-FC03-4681-91B7-D5CF9C377EFC}"
EndProject
Project("{2150E333-8FDC-42A3-9474-1A3956D46DE8}") = "Infrastructure", "Infrastructure", "{C6656D64-126E-43AD-9851-03B2A374F1A7}"
EndProject
Project("{2150E333-8FDC-42A3-9474-1A3956D46DE8}") = "Infrastructure", "Infrastructure", "{3997A681-E711-4AD8-85F6-C5D9AE3D2FA1}"
EndProject
Project("{2150E333-8FDC-42A3-9474-1A3956D46DE8}") = "Domain", "Domain", "{4A562D7C-4CB2-4F37-A346-C9F8B0CD1747}"
EndProject
Project("{2150E333-8FDC-42A3-9474-1A3956D46DE8}") = "Gateway", "Gateway", "{7BC786B2-5329-4B40-A49B-57645AEF3DB4}"
EndProject
Project("{9A19103F-16F7-4668-BE54-9A1E7A4F7556}") = "Order01.Api", "src\microservices\orders\Order01.Api\Order01.Api.csproj", "{A695665C-4A93-4D34-A1B1-5FF89AF664CC}"
EndProject
Project("{9A19103F-16F7-4668-BE54-9A1E7A4F7556}") = "Order02.Api", "src\microservices\orders\Order02.Api\Order02.Api.csproj", "{EEBA1752-8A05-45FA-A3F1-DC89FE672CDF}"
EndProject
Project("{9A19103F-16F7-4668-BE54-9A1E7A4F7556}") = "Order03.Api", "src\microservices\orders\Order03.Api\Order03.Api.csproj", "{91C2F104-4FF5-41DF-9A32-46D966D372E5}"
EndProject
Project("{9A19103F-16F7-4668-BE54-9A1E7A4F7556}") = "Order.ViewModels", "src\microservices\orders\Order.ViewModels\Order.ViewModels.csproj", "{EF04E1D2-9739-41F4-8C14-A5AA670FB321}"
EndProject
Project("{9A19103F-16F7-4668-BE54-9A1E7A4F7556}") = "Order.Persistence", "src\microservices\orders\Order.Persistence\Order.Persistence.csproj", "{BCB0543B-45DA-4453-8AF5-DF46A0F1124D}"
EndProject
Project("{9A19103F-16F7-4668-BE54-9A1E7A4F7556}") = "UserManagement.Domain", "src\microservices\usermanagements\UserManagement.Domain\UserManagement.Domain.csproj", "{20E98C30-1DC7-4B8A-9546-A6C2E6CAC976}"
EndProject
Project("{9A19103F-16F7-4668-BE54-9A1E7A4F7556}") = "UserManagement.ViewModels", "src\microservices\usermanagements\UserManagement.ViewModels\UserManagement.ViewModels.csproj", "{369CC6F9-53D2-4713-9522-13AEBD4374F9}"
EndProject
Project("{9A19103F-16F7-4668-BE54-9A1E7A4F7556}") = "UserManagement.Persistence", "src\microservices\usermanagements\UserManagement.Persistence\UserManagement.Persistence.csproj", "{613416C1-35BB-4C77-ADBB-0809E018866C}"
EndProject
Project("{9A19103F-16F7-4668-BE54-9A1E7A4F7556}") = "UserManagement.RestApi", "src\microservices\usermanagements\UserManagement.RestApi\UserManagement.RestApi.csproj", "{C2AAC355-2E55-4001-B100-4CFD1297E96C}"
EndProject
Project("{9A19103F-16F7-4668-BE54-9A1E7A4F7556}") = "UserManagement.HostService", "src\microservices\usermanagements\UserManagement.HostService\UserManagement.HostService.csproj", "{58FD43E6-BBDD-4CC7-9F9C-603EAABEBC61}"
EndProject
Project("{9A19103F-16F7-4668-BE54-9A1E7A4F7556}") = "Framework", "src\frameworks\Framework\Framework.csproj", "{529D6EB4-0B44-4CF6-90E4-C5DF6EFE1AD1}"
EndProject
Project("{2150E333-8FDC-42A3-9474-1A3956D46DE8}") = "Documents", "Documents", "{4F653334-E4D3-430F-B6F5-6285E6807F02}"
	ProjectSection(SolutionItems) = preProject
		Readme.txt = Readme.txt
	EndProjectSection
EndProject
Global
	GlobalSection(SolutionConfigurationPlatforms) = preSolution
		Debug|Any CPU = Debug|Any CPU
		Release|Any CPU = Release|Any CPU
	EndGlobalSection
	GlobalSection(ProjectConfigurationPlatforms) = postSolution
		{B9ACA815-40A0-413B-BF55-1D57214C0011}.Debug|Any CPU.ActiveCfg = Debug|Any CPU
		{B9ACA815-40A0-413B-BF55-1D57214C0011}.Debug|Any CPU.Build.0 = Debug|Any CPU
		{B9ACA815-40A0-413B-BF55-1D57214C0011}.Release|Any CPU.ActiveCfg = Release|Any CPU
		{B9ACA815-40A0-413B-BF55-1D57214C0011}.Release|Any CPU.Build.0 = Release|Any CPU
		{89FCBE00-FC03-4681-91B7-D5CF9C377EFC}.Debug|Any CPU.ActiveCfg = Debug|Any CPU
		{89FCBE00-FC03-4681-91B7-D5CF9C377EFC}.Debug|Any CPU.Build.0 = Debug|Any CPU
		{89FCBE00-FC03-4681-91B7-D5CF9C377EFC}.Release|Any CPU.ActiveCfg = Release|Any CPU
		{89FCBE00-FC03-4681-91B7-D5CF9C377EFC}.Release|Any CPU.Build.0 = Release|Any CPU
		{A695665C-4A93-4D34-A1B1-5FF89AF664CC}.Debug|Any CPU.ActiveCfg = Debug|Any CPU
		{A695665C-4A93-4D34-A1B1-5FF89AF664CC}.Debug|Any CPU.Build.0 = Debug|Any CPU
		{A695665C-4A93-4D34-A1B1-5FF89AF664CC}.Release|Any CPU.ActiveCfg = Release|Any CPU
		{A695665C-4A93-4D34-A1B1-5FF89AF664CC}.Release|Any CPU.Build.0 = Release|Any CPU
		{EEBA1752-8A05-45FA-A3F1-DC89FE672CDF}.Debug|Any CPU.ActiveCfg = Debug|Any CPU
		{EEBA1752-8A05-45FA-A3F1-DC89FE672CDF}.Debug|Any CPU.Build.0 = Debug|Any CPU
		{EEBA1752-8A05-45FA-A3F1-DC89FE672CDF}.Release|Any CPU.ActiveCfg = Release|Any CPU
		{EEBA1752-8A05-45FA-A3F1-DC89FE672CDF}.Release|Any CPU.Build.0 = Release|Any CPU
		{91C2F104-4FF5-41DF-9A32-46D966D372E5}.Debug|Any CPU.ActiveCfg = Debug|Any CPU
		{91C2F104-4FF5-41DF-9A32-46D966D372E5}.Debug|Any CPU.Build.0 = Debug|Any CPU
		{91C2F104-4FF5-41DF-9A32-46D966D372E5}.Release|Any CPU.ActiveCfg = Release|Any CPU
		{91C2F104-4FF5-41DF-9A32-46D966D372E5}.Release|Any CPU.Build.0 = Release|Any CPU
		{EF04E1D2-9739-41F4-8C14-A5AA670FB321}.Debug|Any CPU.ActiveCfg = Debug|Any CPU
		{EF04E1D2-9739-41F4-8C14-A5AA670FB321}.Debug|Any CPU.Build.0 = Debug|Any CPU
		{EF04E1D2-9739-41F4-8C14-A5AA670FB321}.Release|Any CPU.ActiveCfg = Release|Any CPU
		{EF04E1D2-9739-41F4-8C14-A5AA670FB321}.Release|Any CPU.Build.0 = Release|Any CPU
		{BCB0543B-45DA-4453-8AF5-DF46A0F1124D}.Debug|Any CPU.ActiveCfg = Debug|Any CPU
		{BCB0543B-45DA-4453-8AF5-DF46A0F1124D}.Debug|Any CPU.Build.0 = Debug|Any CPU
		{BCB0543B-45DA-4453-8AF5-DF46A0F1124D}.Release|Any CPU.ActiveCfg = Release|Any CPU
		{BCB0543B-45DA-4453-8AF5-DF46A0F1124D}.Release|Any CPU.Build.0 = Release|Any CPU
		{20E98C30-1DC7-4B8A-9546-A6C2E6CAC976}.Debug|Any CPU.ActiveCfg = Debug|Any CPU
		{20E98C30-1DC7-4B8A-9546-A6C2E6CAC976}.Debug|Any CPU.Build.0 = Debug|Any CPU
		{20E98C30-1DC7-4B8A-9546-A6C2E6CAC976}.Release|Any CPU.ActiveCfg = Release|Any CPU
		{20E98C30-1DC7-4B8A-9546-A6C2E6CAC976}.Release|Any CPU.Build.0 = Release|Any CPU
		{369CC6F9-53D2-4713-9522-13AEBD4374F9}.Debug|Any CPU.ActiveCfg = Debug|Any CPU
		{369CC6F9-53D2-4713-9522-13AEBD4374F9}.Debug|Any CPU.Build.0 = Debug|Any CPU
		{369CC6F9-53D2-4713-9522-13AEBD4374F9}.Release|Any CPU.ActiveCfg = Release|Any CPU
		{369CC6F9-53D2-4713-9522-13AEBD4374F9}.Release|Any CPU.Build.0 = Release|Any CPU
		{613416C1-35BB-4C77-ADBB-0809E018866C}.Debug|Any CPU.ActiveCfg = Debug|Any CPU
		{613416C1-35BB-4C77-ADBB-0809E018866C}.Debug|Any CPU.Build.0 = Debug|Any CPU
		{613416C1-35BB-4C77-ADBB-0809E018866C}.Release|Any CPU.ActiveCfg = Release|Any CPU
		{613416C1-35BB-4C77-ADBB-0809E018866C}.Release|Any CPU.Build.0 = Release|Any CPU
		{C2AAC355-2E55-4001-B100-4CFD1297E96C}.Debug|Any CPU.ActiveCfg = Debug|Any CPU
		{C2AAC355-2E55-4001-B100-4CFD1297E96C}.Debug|Any CPU.Build.0 = Debug|Any CPU
		{C2AAC355-2E55-4001-B100-4CFD1297E96C}.Release|Any CPU.ActiveCfg = Release|Any CPU
		{C2AAC355-2E55-4001-B100-4CFD1297E96C}.Release|Any CPU.Build.0 = Release|Any CPU
		{58FD43E6-BBDD-4CC7-9F9C-603EAABEBC61}.Debug|Any CPU.ActiveCfg = Debug|Any CPU
		{58FD43E6-BBDD-4CC7-9F9C-603EAABEBC61}.Debug|Any CPU.Build.0 = Debug|Any CPU
		{58FD43E6-BBDD-4CC7-9F9C-603EAABEBC61}.Release|Any CPU.ActiveCfg = Release|Any CPU
		{58FD43E6-BBDD-4CC7-9F9C-603EAABEBC61}.Release|Any CPU.Build.0 = Release|Any CPU
		{529D6EB4-0B44-4CF6-90E4-C5DF6EFE1AD1}.Debug|Any CPU.ActiveCfg = Debug|Any CPU
		{529D6EB4-0B44-4CF6-90E4-C5DF6EFE1AD1}.Debug|Any CPU.Build.0 = Debug|Any CPU
		{529D6EB4-0B44-4CF6-90E4-C5DF6EFE1AD1}.Release|Any CPU.ActiveCfg = Release|Any CPU
		{529D6EB4-0B44-4CF6-90E4-C5DF6EFE1AD1}.Release|Any CPU.Build.0 = Release|Any CPU
	EndGlobalSection
	GlobalSection(SolutionProperties) = preSolution
		HideSolutionNode = FALSE
	EndGlobalSection
	GlobalSection(NestedProjects) = preSolution
		{4B397365-13C8-4652-9FCE-AB2795E94CB9} = {3E2E8D35-0AD8-48F8-9F72-DFBD0ECBAB31}
		{52FDA213-83FE-467C-B7A2-18180BB09D7B} = {3E2E8D35-0AD8-48F8-9F72-DFBD0ECBAB31}
		{8DF7FD08-7EC5-49D5-999B-0E4D44CA6412} = {4B397365-13C8-4652-9FCE-AB2795E94CB9}
		{B9ACA815-40A0-413B-BF55-1D57214C0011} = {E5E822A7-0AFA-4C11-8F25-1D03CC0E989E}
		{89FCBE00-FC03-4681-91B7-D5CF9C377EFC} = {4573840C-92BB-45CF-9908-2575D2BDDE73}
		{C6656D64-126E-43AD-9851-03B2A374F1A7} = {4B397365-13C8-4652-9FCE-AB2795E94CB9}
		{3997A681-E711-4AD8-85F6-C5D9AE3D2FA1} = {52FDA213-83FE-467C-B7A2-18180BB09D7B}
		{4A562D7C-4CB2-4F37-A346-C9F8B0CD1747} = {52FDA213-83FE-467C-B7A2-18180BB09D7B}
		{7BC786B2-5329-4B40-A49B-57645AEF3DB4} = {52FDA213-83FE-467C-B7A2-18180BB09D7B}
		{A695665C-4A93-4D34-A1B1-5FF89AF664CC} = {8DF7FD08-7EC5-49D5-999B-0E4D44CA6412}
		{EEBA1752-8A05-45FA-A3F1-DC89FE672CDF} = {8DF7FD08-7EC5-49D5-999B-0E4D44CA6412}
		{91C2F104-4FF5-41DF-9A32-46D966D372E5} = {8DF7FD08-7EC5-49D5-999B-0E4D44CA6412}
		{EF04E1D2-9739-41F4-8C14-A5AA670FB321} = {C6656D64-126E-43AD-9851-03B2A374F1A7}
		{BCB0543B-45DA-4453-8AF5-DF46A0F1124D} = {C6656D64-126E-43AD-9851-03B2A374F1A7}
		{20E98C30-1DC7-4B8A-9546-A6C2E6CAC976} = {4A562D7C-4CB2-4F37-A346-C9F8B0CD1747}
		{369CC6F9-53D2-4713-9522-13AEBD4374F9} = {3997A681-E711-4AD8-85F6-C5D9AE3D2FA1}
		{613416C1-35BB-4C77-ADBB-0809E018866C} = {3997A681-E711-4AD8-85F6-C5D9AE3D2FA1}
		{C2AAC355-2E55-4001-B100-4CFD1297E96C} = {7BC786B2-5329-4B40-A49B-57645AEF3DB4}
		{58FD43E6-BBDD-4CC7-9F9C-603EAABEBC61} = {7BC786B2-5329-4B40-A49B-57645AEF3DB4}
		{529D6EB4-0B44-4CF6-90E4-C5DF6EFE1AD1} = {4573840C-92BB-45CF-9908-2575D2BDDE73}
	EndGlobalSection
	GlobalSection(ExtensibilityGlobals) = postSolution
		SolutionGuid = {75E2B6A7-3E23-420D-ABF5-F510897CDD4B}
	EndGlobalSection
EndGlobal
